{
  "version": 4,
  "terraform_version": "1.13.5",
  "serial": 39,
  "lineage": "c868b780-5435-ca74-287f-71a2416a9430",
  "outputs": {
    "VPCLatticeControllerIAMPolicy": {
      "value": "arn:aws:iam::156041418374:policy/VPCLatticeControllerIAMPolicy",
      "type": "string"
    },
    "podid_role_arn": {
      "value": "arn:aws:iam::156041418374:role/VPCLatticeControllerIAMRole-PodId",
      "type": "string"
    }
  },
  "resources": [
    {
      "mode": "data",
      "type": "aws_ec2_managed_prefix_list",
      "name": "lattice_ipv4",
      "provider": "provider[\"registry.terraform.io/hashicorp/aws\"]",
      "instances": [
        {
          "schema_version": 0,
          "attributes": {
            "address_family": "IPv4",
            "arn": "arn:aws:ec2:eu-central-1:aws:prefix-list/pl-08d9db512f7ada124",
            "entries": [
              {
                "cidr": "129.224.0.0/17",
                "description": ""
              },
              {
                "cidr": "169.254.171.0/24",
                "description": ""
              }
            ],
            "filter": null,
            "id": "pl-08d9db512f7ada124",
            "max_entries": 0,
            "name": "com.amazonaws.eu-central-1.vpc-lattice",
            "owner_id": "AWS",
            "region": "eu-central-1",
            "tags": {},
            "timeouts": null,
            "version": 0
          },
          "sensitive_attributes": [],
          "identity_schema_version": 0
        }
      ]
    },
    {
      "mode": "data",
      "type": "aws_ec2_managed_prefix_list",
      "name": "lattice_ipv6",
      "provider": "provider[\"registry.terraform.io/hashicorp/aws\"]",
      "instances": [
        {
          "schema_version": 0,
          "attributes": {
            "address_family": "IPv6",
            "arn": "arn:aws:ec2:eu-central-1:aws:prefix-list/pl-059d8786dae17d9ec",
            "entries": [
              {
                "cidr": "fd00:ec2:80::/64",
                "description": ""
              }
            ],
            "filter": null,
            "id": "pl-059d8786dae17d9ec",
            "max_entries": 0,
            "name": "com.amazonaws.eu-central-1.ipv6.vpc-lattice",
            "owner_id": "AWS",
            "region": "eu-central-1",
            "tags": {},
            "timeouts": null,
            "version": 0
          },
          "sensitive_attributes": [],
          "identity_schema_version": 0
        }
      ]
    },
    {
      "mode": "data",
      "type": "aws_eks_cluster",
      "name": "this",
      "provider": "provider[\"registry.terraform.io/hashicorp/aws\"]",
      "instances": [
        {
          "schema_version": 0,
          "attributes": {
            "access_config": [
              {
                "authentication_mode": "API_AND_CONFIG_MAP",
                "bootstrap_cluster_creator_admin_permissions": true
              }
            ],
            "arn": "arn:aws:eks:eu-central-1:156041418374:cluster/guto-cluster",
            "certificate_authority": [
              {
                "data": "LS0tLS1CRUdJTiBDRVJUSUZJQ0FURS0tLS0tCk1JSURCVENDQWUyZ0F3SUJBZ0lJYTYraXkvM3lYOHd3RFFZSktvWklodmNOQVFFTEJRQXdGVEVUTUJFR0ExVUUKQXhNS2EzVmlaWEp1WlhSbGN6QWVGdzB5TlRFeE1UUXhOVEV5TWpCYUZ3MHpOVEV4TVRJeE5URTNNakJhTUJVeApFekFSQmdOVkJBTVRDbXQxWW1WeWJtVjBaWE13Z2dFaU1BMEdDU3FHU0liM0RRRUJBUVVBQTRJQkR3QXdnZ0VLCkFvSUJBUURyOXFoaTRmRXppTFBXMHhwMXdtUGZ4am01TG4zbmxKZU1MWktNSktZdHZpK2tVWC9pcVJNK3hTTi8KbXNQM1BsT1lwaWwzaTNHbWlYSlg0bFJmZlFTUHFTMTNMeHZEUHUvRTRkVXlxbkNVT3puY0hwTlJrSGNaL0dsTwoxdmpDQjlzdWZlcHlpMDNaVWxuQlhZQ3I2a1RrRkhjWTZiQVpEbldMVEpBRHFoSi9PaEhGSy9US1Zkc0l4SDUzCm9JRzF6TXREdWJ1NmU0Q0p0amlsZVpQWlhzbTRKL05tdUJKWEd6RTY1UEFEWW01UnFScFozaWFKMk5hdXk5dGQKZlgzTlpsRFNnbFkrZkdXSFR0d2doTmdLbE5rTkJHTGVRTXF6TGoxZEhzY09ZdnBVaWpPQTg5QXBnUjd1cjc3VQowRmJxdE5LMDFMRG1nVCtpZlVYeU55MVZkTnVCQWdNQkFBR2pXVEJYTUE0R0ExVWREd0VCL3dRRUF3SUNwREFQCkJnTlZIUk1CQWY4RUJUQURBUUgvTUIwR0ExVWREZ1FXQkJRMXk0NnU2b3ZWbjgwMUl3TE0yV2N5Wnd5TXpUQVYKQmdOVkhSRUVEakFNZ2dwcmRXSmxjbTVsZEdWek1BMEdDU3FHU0liM0RRRUJDd1VBQTRJQkFRRFdVZmd5TGxTTgpJaDB3WTMvNzcxM2VYd2RPUFJOVlllSXRjRSt3em14TmthNlRDY1pMUmpkRVphODIzSERHNTd5V1orVHFVdkM1ClR4RWpnSm54SFVoT1VlaFBQSm42SEYxRVBPSFpVVHd6R1hpNlZCN2N5dzFpNHYweWZ0QnplRWdPS1JMSmZNL2sKM3RhQU9INUxEQjdoZGxrSjF3NzFQNER2dnQrT1k4QUVPZFl1aTd6WWsrd3JYQlJDK0VlNzJYSGliUVZ4SUlIcAo0RFpSNnpCZWNMdllqWDBSVStYYXhVVXB6anNpenlyY0lrV1ZkbUs3bGFPeStsd3JVZ1B2WkhLSVR5eU5yVFg2ClJuMWl3aGhEc0IydktNeGh1R3U4enJQRGxqUVZwYTNQMzJtZ1hKMEw5SDArOEtqZWxvV1ludUt6cmxLdTY4UnAKdWtXajJkMWxDWlhCCi0tLS0tRU5EIENFUlRJRklDQVRFLS0tLS0K"
              }
            ],
            "cluster_id": null,
            "compute_config": [
              {
                "enabled": true,
                "node_pools": [
                  "general-purpose"
                ],
                "node_role_arn": "arn:aws:iam::156041418374:role/guto-cluster-eks-auto-20251114151111665900000002"
              }
            ],
            "created_at": "2025-11-14T15:11:43Z",
            "deletion_protection": false,
            "enabled_cluster_log_types": [
              "api",
              "audit",
              "authenticator"
            ],
            "endpoint": "https://F6FB59DFA72A6C59304CF160C8776570.gr7.eu-central-1.eks.amazonaws.com",
            "id": "guto-cluster",
            "identity": [
              {
                "oidc": [
                  {
                    "issuer": "https://oidc.eks.eu-central-1.amazonaws.com/id/F6FB59DFA72A6C59304CF160C8776570"
                  }
                ]
              }
            ],
            "kubernetes_network_config": [
              {
                "elastic_load_balancing": [
                  {
                    "enabled": true
                  }
                ],
                "ip_family": "ipv4",
                "service_ipv4_cidr": "172.20.0.0/16",
                "service_ipv6_cidr": ""
              }
            ],
            "name": "guto-cluster",
            "outpost_config": [],
            "platform_version": "eks.22",
            "region": "eu-central-1",
            "remote_network_config": [],
            "role_arn": "arn:aws:iam::156041418374:role/guto-cluster-cluster-20251114151111677100000003",
            "status": "ACTIVE",
            "storage_config": [
              {
                "block_storage": [
                  {
                    "enabled": true
                  }
                ]
              }
            ],
            "tags": {
              "terraform-aws-modules": "eks"
            },
            "upgrade_policy": [
              {
                "support_type": "EXTENDED"
              }
            ],
            "version": "1.33",
            "vpc_config": [
              {
                "cluster_security_group_id": "sg-06b80a3d192542635",
                "endpoint_private_access": true,
                "endpoint_public_access": true,
                "public_access_cidrs": [
                  "0.0.0.0/0"
                ],
                "security_group_ids": [
                  "sg-0ed1ef78b7b591b9b"
                ],
                "subnet_ids": [
                  "subnet-003f448bc2da55617",
                  "subnet-02c2d7ae8b94a77c9",
                  "subnet-0fdad5e4449137e38"
                ],
                "vpc_id": "vpc-059b735857d7870d4"
              }
            ],
            "zonal_shift_config": []
          },
          "sensitive_attributes": [],
          "identity_schema_version": 0
        }
      ]
    },
    {
      "mode": "data",
      "type": "aws_eks_cluster_auth",
      "name": "this",
      "provider": "provider[\"registry.terraform.io/hashicorp/aws\"]",
      "instances": [
        {
          "schema_version": 0,
          "attributes": {
            "id": "guto-cluster",
            "name": "guto-cluster",
            "region": "eu-central-1",
            "token": "k8s-aws-v1.aHR0cHM6Ly9zdHMuZXUtY2VudHJhbC0xLmFtYXpvbmF3cy5jb20vP0FjdGlvbj1HZXRDYWxsZXJJZGVudGl0eSZWZXJzaW9uPTIwMTEtMDYtMTUmWC1BbXotQWxnb3JpdGhtPUFXUzQtSE1BQy1TSEEyNTYmWC1BbXotQ3JlZGVudGlhbD1BU0lBU0lWR0xDMkRINEpKUVU3MiUyRjIwMjUxMTE0JTJGZXUtY2VudHJhbC0xJTJGc3RzJTJGYXdzNF9yZXF1ZXN0JlgtQW16LURhdGU9MjAyNTExMTRUMTYxMjUxWiZYLUFtei1FeHBpcmVzPTAmWC1BbXotU2VjdXJpdHktVG9rZW49SVFvSmIzSnBaMmx1WDJWakVKMyUyRiUyRiUyRiUyRiUyRiUyRiUyRiUyRiUyRiUyRndFYURHVjFMV05sYm5SeVlXd3RNU0pITUVVQ0lDZThiSldSVTNPcks0QU1hTXJOSzVYeENpd1NsTkNsdVRhZERkS2ZaQThDQWlFQW96d1JPUFlOdmZZRkQ0aGh2Yk5iMEtXazVXZlVmSHdLR201N1puMUlpUzRxa0FNSVp4QUFHZ3d4TlRZd05ERTBNVGd6TnpRaURFSWJyOUV1NG9XcGJvU1ZQaXJ0QWlJblhITE14UTFiYU1KRyUyRm42NW1TV1Q2emNiT0dlSXU3YkY2ZFMlMkZYcWcwWHY1dW1JUjdZWkhhdDBPV2pIUzBxNno0RHowQmp3dmclMkJFMUlhb2U4aHluWDRRT3dFcHU1N2xuRzk0RWM1VU9zNDMlMkJsWkJCSU8wV0VmRVFJMDRMbGs5QlNseUZJY0JXUTlsVFh2cWpUUEdrQzVNazBPeCUyRnZPYVAwNUVieXo4UnZJYm5aR054ZyUyRm1oWlJFeUk4SkhleHk5UW9ZNUl3QzFzQm5MV1BEVWN5RWtNVXRheGhRc0tVY0cyNGdpSzJlWGp5RHlSNTJySkh1QmdKVnAwenpuN09Mcm5YTFZmR2pRbWVHMW1Ea1pOT1RqNXNLWWswZ2txU2o0NVhKTlhPN1BxcjQybzJWZjlWTjV6aHBod2V6b3gxMEhqNXNkVHN6RVlSTDlrRm9ZWHJHNlF0OHdQcUhqSzVsd09lWU9yb1JOZ0NBb3J2ZmtVMWRycHdTNGIyZjFzelViVSUyQkRYdU1kandiaERhZk9yRzljMzhZcU0lMkJxcEVHY2FKWGZRcnlhaUVHSm02R2JYWEU0NFFCSWliampNano2WDdnNngyc0RvUzV6SDA3NndPdXNLQ0pnNUclMkJ3QVZPbiUyRkhPbHRQcU1QdmEzTWdHT3FRQm9zd0plZXV3M0kwcHcwUmtwNE53R3Q3Tmo2OE14bllNS0VRZzQwS3lJbWEyNlZiYzZiU3dWMjhhZGRxR25tRkhqMmluVkpFejlScWp3WkhsTWE1SGtheUptOVMlMkJDTFNLSE1PUkpiZTlheW9HaTB6alFiU0tJN2ZvSGxoaExya3JabFVJc05SYU9XbkR3NkxxY2VaaVJiVUoybXJkJTJCcDRPUVJ1ZlpRRFZkMUlwZUZReE1JcWtBJTJGVENTQWpNOHdZM2FCNCUyQjdvbCUyRnR3clpraFRWUnBHMGRqRGclMkJEbyUzRCZYLUFtei1TaWduZWRIZWFkZXJzPWhvc3QlM0J4LWs4cy1hd3MtaWQmWC1BbXotU2lnbmF0dXJlPWU3NzE1MDBiZmQ5NDk0YjQyN2VkNDk4OTMyMGIzZjAxN2ViNWUxNzI0MDI4ZDkwMTNkZGVkYWRiYzMwN2Q4MzA"
          },
          "sensitive_attributes": [
            [
              {
                "type": "get_attr",
                "value": "token"
              }
            ]
          ],
          "identity_schema_version": 0
        }
      ]
    },
    {
      "mode": "managed",
      "type": "aws_iam_policy",
      "name": "vpc_lattice_controller",
      "provider": "provider[\"registry.terraform.io/hashicorp/aws\"]",
      "instances": [
        {
          "schema_version": 0,
          "attributes": {
            "arn": "arn:aws:iam::156041418374:policy/VPCLatticeControllerIAMPolicy",
            "attachment_count": 0,
            "description": "Policy for AWS VPC Lattice controller",
            "id": "arn:aws:iam::156041418374:policy/VPCLatticeControllerIAMPolicy",
            "name": "VPCLatticeControllerIAMPolicy",
            "name_prefix": "",
            "path": "/",
            "policy": "{\"Statement\":[{\"Action\":[\"vpc-lattice:*\",\"ec2:DescribeVpcs\",\"ec2:DescribeSubnets\",\"ec2:DescribeTags\",\"ec2:DescribeSecurityGroups\",\"logs:CreateLogDelivery\",\"logs:GetLogDelivery\",\"logs:DescribeLogGroups\",\"logs:PutResourcePolicy\",\"logs:DescribeResourcePolicies\",\"logs:UpdateLogDelivery\",\"logs:DeleteLogDelivery\",\"logs:ListLogDeliveries\",\"tag:GetResources\",\"firehose:TagDeliveryStream\",\"s3:GetBucketPolicy\",\"s3:PutBucketPolicy\",\"tag:TagResources\",\"tag:UntagResources\"],\"Effect\":\"Allow\",\"Resource\":\"*\"}],\"Version\":\"2012-10-17\"}",
            "policy_id": "ANPASIVGLC2DNJEUUEWZU",
            "tags": null,
            "tags_all": {}
          },
          "sensitive_attributes": [],
          "identity_schema_version": 0,
          "identity": {
            "arn": "arn:aws:iam::156041418374:policy/VPCLatticeControllerIAMPolicy"
          },
          "private": "bnVsbA=="
        }
      ]
    },
    {
      "mode": "managed",
      "type": "aws_iam_role",
      "name": "vpc_lattice_controller_podid",
      "provider": "provider[\"registry.terraform.io/hashicorp/aws\"]",
      "instances": [
        {
          "schema_version": 0,
          "attributes": {
            "arn": "arn:aws:iam::156041418374:role/VPCLatticeControllerIAMRole-PodId",
            "assume_role_policy": "{\"Statement\":[{\"Action\":[\"sts:AssumeRole\",\"sts:TagSession\"],\"Effect\":\"Allow\",\"Principal\":{\"Service\":\"pods.eks.amazonaws.com\"},\"Sid\":\"AllowEksAuthToAssumeRoleForPodIdentity\"}],\"Version\":\"2012-10-17\"}",
            "create_date": "2025-11-14T16:12:58Z",
            "description": "",
            "force_detach_policies": false,
            "id": "VPCLatticeControllerIAMRole-PodId",
            "inline_policy": [],
            "managed_policy_arns": [],
            "max_session_duration": 3600,
            "name": "VPCLatticeControllerIAMRole-PodId",
            "name_prefix": "",
            "path": "/",
            "permissions_boundary": "",
            "tags": null,
            "tags_all": {},
            "unique_id": "AROASIVGLC2DASWJD6Q7Q"
          },
          "sensitive_attributes": [],
          "identity_schema_version": 0,
          "identity": {
            "account_id": "156041418374",
            "name": "VPCLatticeControllerIAMRole-PodId"
          },
          "private": "bnVsbA=="
        }
      ]
    },
    {
      "mode": "managed",
      "type": "aws_iam_role_policy_attachment",
      "name": "attach_policy_podid",
      "provider": "provider[\"registry.terraform.io/hashicorp/aws\"]",
      "instances": [
        {
          "schema_version": 0,
          "attributes": {
            "id": "VPCLatticeControllerIAMRole-PodId/arn:aws:iam::156041418374:policy/VPCLatticeControllerIAMPolicy",
            "policy_arn": "arn:aws:iam::156041418374:policy/VPCLatticeControllerIAMPolicy",
            "role": "VPCLatticeControllerIAMRole-PodId"
          },
          "sensitive_attributes": [],
          "identity_schema_version": 0,
          "identity": {
            "account_id": "156041418374",
            "policy_arn": "arn:aws:iam::156041418374:policy/VPCLatticeControllerIAMPolicy",
            "role": "VPCLatticeControllerIAMRole-PodId"
          },
          "private": "bnVsbA==",
          "dependencies": [
            "aws_iam_policy.vpc_lattice_controller",
            "aws_iam_role.vpc_lattice_controller_podid"
          ]
        }
      ]
    },
    {
      "mode": "managed",
      "type": "aws_security_group_rule",
      "name": "lattice_ipv4_ingress",
      "provider": "provider[\"registry.terraform.io/hashicorp/aws\"]",
      "instances": [
        {
          "index_key": 0,
          "schema_version": 2,
          "attributes": {
            "cidr_blocks": null,
            "description": null,
            "from_port": 0,
            "id": "sgrule-2077716331",
            "ipv6_cidr_blocks": null,
            "prefix_list_ids": [
              "pl-08d9db512f7ada124"
            ],
            "protocol": "-1",
            "region": "eu-central-1",
            "security_group_id": "sg-06b80a3d192542635",
            "security_group_rule_id": "sgr-0dacdb762892c520a",
            "self": false,
            "source_security_group_id": null,
            "timeouts": null,
            "to_port": 0,
            "type": "ingress"
          },
          "sensitive_attributes": [],
          "identity_schema_version": 0,
          "private": "eyJlMmJmYjczMC1lY2FhLTExZTYtOGY4OC0zNDM2M2JjN2M0YzAiOnsiY3JlYXRlIjozMDAwMDAwMDAwMDB9LCJzY2hlbWFfdmVyc2lvbiI6IjIifQ==",
          "dependencies": [
            "data.aws_ec2_managed_prefix_list.lattice_ipv4",
            "data.aws_eks_cluster.this"
          ]
        }
      ]
    },
    {
      "mode": "managed",
      "type": "aws_security_group_rule",
      "name": "lattice_ipv6_ingress",
      "provider": "provider[\"registry.terraform.io/hashicorp/aws\"]",
      "instances": [
        {
          "index_key": 0,
          "schema_version": 2,
          "attributes": {
            "cidr_blocks": null,
            "description": null,
            "from_port": 0,
            "id": "sgrule-2346234479",
            "ipv6_cidr_blocks": null,
            "prefix_list_ids": [
              "pl-059d8786dae17d9ec"
            ],
            "protocol": "-1",
            "region": "eu-central-1",
            "security_group_id": "sg-06b80a3d192542635",
            "security_group_rule_id": "sgr-0a25a428ad4ee9a4f",
            "self": false,
            "source_security_group_id": null,
            "timeouts": null,
            "to_port": 0,
            "type": "ingress"
          },
          "sensitive_attributes": [],
          "identity_schema_version": 0,
          "private": "eyJlMmJmYjczMC1lY2FhLTExZTYtOGY4OC0zNDM2M2JjN2M0YzAiOnsiY3JlYXRlIjozMDAwMDAwMDAwMDB9LCJzY2hlbWFfdmVyc2lvbiI6IjIifQ==",
          "dependencies": [
            "data.aws_ec2_managed_prefix_list.lattice_ipv6",
            "data.aws_eks_cluster.this"
          ]
        }
      ]
    }
  ],
  "check_results": null
}
